// !$*UTF8*$!
{
	archiveVersion = 1;
	classes = {
	};
	objectVersion = 46;
	objects = {

/* Begin PBXBuildFile section */
		A2E41DA01AB370C2006A8669 /* main.m in Sources */ = {isa = PBXBuildFile; fileRef = A2E41D9F1AB370C2006A8669 /* main.m */; };
		A2E41DA31AB370C2006A8669 /* AppDelegate.m in Sources */ = {isa = PBXBuildFile; fileRef = A2E41DA21AB370C2006A8669 /* AppDelegate.m */; };
		A2E41DA61AB370C2006A8669 /* ViewController.m in Sources */ = {isa = PBXBuildFile; fileRef = A2E41DA51AB370C2006A8669 /* ViewController.m */; };
		A2E41DA91AB370C2006A8669 /* Main.storyboard in Resources */ = {isa = PBXBuildFile; fileRef = A2E41DA71AB370C2006A8669 /* Main.storyboard */; };
		A2E41DAB1AB370C2006A8669 /* Images.xcassets in Resources */ = {isa = PBXBuildFile; fileRef = A2E41DAA1AB370C2006A8669 /* Images.xcassets */; };
		A2E41DAE1AB370C2006A8669 /* LaunchScreen.xib in Resources */ = {isa = PBXBuildFile; fileRef = A2E41DAC1AB370C2006A8669 /* LaunchScreen.xib */; };
		A2E41DBA1AB370C2006A8669 /* KeepTestTests.m in Sources */ = {isa = PBXBuildFile; fileRef = A2E41DB91AB370C2006A8669 /* KeepTestTests.m */; };
/* End PBXBuildFile section */

/* Begin PBXContainerItemProxy section */
		A2E41DB41AB370C2006A8669 /* PBXContainerItemProxy */ = {
			isa = PBXContainerItemProxy;
			containerPortal = A2E41D921AB370C2006A8669 /* Project object */;
			proxyType = 1;
			remoteGlobalIDString = A2E41D991AB370C2006A8669;
			remoteInfo = KeepTest;
		};
/* End PBXContainerItemProxy section */

/* Begin PBXFileReference section */
		A2E41D9A1AB370C2006A8669 /* KeepTest.app */ = {isa = PBXFileReference; explicitFileType = wrapper.application; includeInIndex = 0; path = KeepTest.app; sourceTree = BUILT_PRODUCTS_DIR; };
		A2E41D9E1AB370C2006A8669 /* Info.plist */ = {isa = PBXFileReference; lastKnownFileType = text.plist.xml; path = Info.plist; sourceTree = "<group>"; };
		A2E41D9F1AB370C2006A8669 /* main.m */ = {isa = PBXFileReference; lastKnownFileType = sourcecode.c.objc; path = main.m; sourceTree = "<group>"; };
		A2E41DA11AB370C2006A8669 /* AppDelegate.h */ = {isa = PBXFileReference; lastKnownFileType = sourcecode.c.h; path = AppDelegate.h; sourceTree = "<group>"; };
		A2E41DA21AB370C2006A8669 /* AppDelegate.m */ = {isa = PBXFileReference; lastKnownFileType = sourcecode.c.objc; path = AppDelegate.m; sourceTree = "<group>"; };
		A2E41DA41AB370C2006A8669 /* ViewController.h */ = {isa = PBXFileReference; lastKnownFileType = sourcecode.c.h; path = ViewController.h; sourceTree = "<group>"; };
		A2E41DA51AB370C2006A8669 /* ViewController.m */ = {isa = PBXFileReference; lastKnownFileType = sourcecode.c.objc; path = ViewController.m; sourceTree = "<group>"; };
		A2E41DA81AB370C2006A8669 /* Base */ = {isa = PBXFileReference; lastKnownFileType = file.storyboard; name = Base; path = Base.lproj/Main.storyboard; sourceTree = "<group>"; };
		A2E41DAA1AB370C2006A8669 /* Images.xcassets */ = {isa = PBXFileReference; lastKnownFileType = folder.assetcatalog; path = Images.xcassets; sourceTree = "<group>"; };
		A2E41DAD1AB370C2006A8669 /* Base */ = {isa = PBXFileReference; lastKnownFileType = file.xib; name = Base; path = Base.lproj/LaunchScreen.xib; sourceTree = "<group>"; };
		A2E41DB31AB370C2006A8669 /* KeepTestTests.xctest */ = {isa = PBXFileReference; explicitFileType = wrapper.cfbundle; includeInIndex = 0; path = KeepTestTests.xctest; sourceTree = BUILT_PRODUCTS_DIR; };
		A2E41DB81AB370C2006A8669 /* Info.plist */ = {isa = PBXFileReference; lastKnownFileType = text.plist.xml; path = Info.plist; sourceTree = "<group>"; };
		A2E41DB91AB370C2006A8669 /* KeepTestTests.m */ = {isa = PBXFileReference; lastKnownFileType = sourcecode.c.objc; path = KeepTestTests.m; sourceTree = "<group>"; };
/* End PBXFileReference section */

/* Begin PBXFrameworksBuildPhase section */
		A2E41D971AB370C2006A8669 /* Frameworks */ = {
			isa = PBXFrameworksBuildPhase;
			buildActionMask = 2147483647;
			files = (
			);
			runOnlyForDeploymentPostprocessing = 0;
		};
		A2E41DB01AB370C2006A8669 /* Frameworks */ = {
			isa = PBXFrameworksBuildPhase;
			buildActionMask = 2147483647;
			files = (
			);
			runOnlyForDeploymentPostprocessing = 0;
		};
/* End PBXFrameworksBuildPhase section */

/* Begin PBXGroup section */
		A2E41D911AB370C2006A8669 = {
			isa = PBXGroup;
			children = (
				A2E41D9C1AB370C2006A8669 /* KeepTest */,
				A2E41DB61AB370C2006A8669 /* KeepTestTests */,
				A2E41D9B1AB370C2006A8669 /* Products */,
			);
			sourceTree = "<group>";
		};
		A2E41D9B1AB370C2006A8669 /* Products */ = {
			isa = PBXGroup;
			children = (
				A2E41D9A1AB370C2006A8669 /* KeepTest.app */,
				A2E41DB31AB370C2006A8669 /* KeepTestTests.xctest */,
			);
			name = Products;
			sourceTree = "<group>";
		};
		A2E41D9C1AB370C2006A8669 /* KeepTest */ = {
			isa = PBXGroup;
			children = (
				A2E41DA11AB370C2006A8669 /* AppDelegate.h */,
				A2E41DA21AB370C2006A8669 /* AppDelegate.m */,
				A2E41DA41AB370C2006A8669 /* ViewController.h */,
				A2E41DA51AB370C2006A8669 /* ViewController.m */,
				A2E41DA71AB370C2006A8669 /* Main.storyboard */,
				A2E41DAA1AB370C2006A8669 /* Images.xcassets */,
				A2E41DAC1AB370C2006A8669 /* LaunchScreen.xib */,
				A2E41D9D1AB370C2006A8669 /* Supporting Files */,
			);
			path = KeepTest;
			sourceTree = "<group>";
		};
		A2E41D9D1AB370C2006A8669 /* Supporting Files */ = {
			isa = PBXGroup;
			children = (
				A2E41D9E1AB370C2006A8669 /* Info.plist */,
				A2E41D9F1AB370C2006A8669 /* main.m */,
			);
			name = "Supporting Files";
			sourceTree = "<group>";
		};
		A2E41DB61AB370C2006A8669 /* KeepTestTests */ = {
			isa = PBXGroup;
			children = (
				A2E41DB91AB370C2006A8669 /* KeepTestTests.m */,
				A2E41DB71AB370C2006A8669 /* Supporting Files */,
			);
			path = KeepTestTests;
			sourceTree = "<group>";
		};
		A2E41DB71AB370C2006A8669 /* Supporting Files */ = {
			isa = PBXGroup;
			children = (
				A2E41DB81AB370C2006A8669 /* Info.plist */,
			);
			name = "Supporting Files";
			sourceTree = "<group>";
		};
/* End PBXGroup section */

/* Begin PBXNativeTarget section */
		A2E41D991AB370C2006A8669 /* KeepTest */ = {
			isa = PBXNativeTarget;
			buildConfigurationList = A2E41DBD1AB370C2006A8669 /* Build configuration list for PBXNativeTarget "KeepTest" */;
			buildPhases = (
				A2E41D961AB370C2006A8669 /* Sources */,
				A2E41D971AB370C2006A8669 /* Frameworks */,
				A2E41D981AB370C2006A8669 /* Resources */,
			);
			buildRules = (
			);
			dependencies = (
			);
			name = KeepTest;
			productName = KeepTest;
			productReference = A2E41D9A1AB370C2006A8669 /* KeepTest.app */;
			productType = "com.apple.product-type.application";
		};
		A2E41DB21AB370C2006A8669 /* KeepTestTests */ = {
			isa = PBXNativeTarget;
			buildConfigurationList = A2E41DC01AB370C2006A8669 /* Build configuration list for PBXNativeTarget "KeepTestTests" */;
			buildPhases = (
				A2E41DAF1AB370C2006A8669 /* Sources */,
				A2E41DB01AB370C2006A8669 /* Frameworks */,
				A2E41DB11AB370C2006A8669 /* Resources */,
			);
			buildRules = (
			);
			dependencies = (
				A2E41DB51AB370C2006A8669 /* PBXTargetDependency */,
			);
			name = KeepTestTests;
			productName = KeepTestTests;
			productReference = A2E41DB31AB370C2006A8669 /* KeepTestTests.xctest */;
			productType = "com.apple.product-type.bundle.unit-test";
		};
/* End PBXNativeTarget section */

/* Begin PBXProject section */
		A2E41D921AB370C2006A8669 /* Project object */ = {
			isa = PBXProject;
			attributes = {
				LastUpgradeCheck = 0620;
				ORGANIZATIONNAME = ilteris;
				TargetAttributes = {
					A2E41D991AB370C2006A8669 = {
						CreatedOnToolsVersion = 6.2;
					};
					A2E41DB21AB370C2006A8669 = {
						CreatedOnToolsVersion = 6.2;
						TestTargetID = A2E41D991AB370C2006A8669;
					};
				};
			};
			buildConfigurationList = A2E41D951AB370C2006A8669 /* Build configuration list for PBXProject "KeepTest" */;
			compatibilityVersion = "Xcode 3.2";
			developmentRegion = English;
			hasScannedForEncodings = 0;
			knownRegions = (
				en,
				Base,
			);
			mainGroup = A2E41D911AB370C2006A8669;
			productRefGroup = A2E41D9B1AB370C2006A8669 /* Products */;
			projectDirPath = "";
			projectRoot = "";
			targets = (
				A2E41D991AB370C2006A8669 /* KeepTest */,
				A2E41DB21AB370C2006A8669 /* KeepTestTests */,
			);
		};
/* End PBXProject section */

/* Begin PBXResourcesBuildPhase section */
		A2E41D981AB370C2006A8669 /* Resources */ = {
			isa = PBXResourcesBuildPhase;
			buildActionMask = 2147483647;
			files = (
				A2E41DA91AB370C2006A8669 /* Main.storyboard in Resources */,
				A2E41DAE1AB370C2006A8669 /* LaunchScreen.xib in Resources */,
				A2E41DAB1AB370C2006A8669 /* Images.xcassets in Resources */,
			);
			runOnlyForDeploymentPostprocessing = 0;
		};
		A2E41DB11AB370C2006A8669 /* Resources */ = {
			isa = PBXResourcesBuildPhase;
			buildActionMask = 2147483647;
			files = (
			);
			runOnlyForDeploymentPostprocessing = 0;
		};
/* End PBXResourcesBuildPhase section */

/* Begin PBXSourcesBuildPhase section */
		A2E41D961AB370C2006A8669 /* Sources */ = {
			isa = PBXSourcesBuildPhase;
			buildActionMask = 2147483647;
			files = (
				A2E41DA61AB370C2006A8669 /* ViewController.m in Sources */,
				A2E41DA31AB370C2006A8669 /* AppDelegate.m in Sources */,
				A2E41DA01AB370C2006A8669 /* main.m in Sources */,
			);
			runOnlyForDeploymentPostprocessing = 0;
		};
		A2E41DAF1AB370C2006A8669 /* Sources */ = {
			isa = PBXSourcesBuildPhase;
			buildActionMask = 2147483647;
			files = (
				A2E41DBA1AB370C2006A8669 /* KeepTestTests.m in Sources */,
			);
			runOnlyForDeploymentPostprocessing = 0;
		};
/* End PBXSourcesBuildPhase section */

/* Begin PBXTargetDependency section */
		A2E41DB51AB370C2006A8669 /* PBXTargetDependency */ = {
			isa = PBXTargetDependency;
			target = A2E41D991AB370C2006A8669 /* KeepTest */;
			targetProxy = A2E41DB41AB370C2006A8669 /* PBXContainerItemProxy */;
		};
/* End PBXTargetDependency section */

/* Begin PBXVariantGroup section */
		A2E41DA71AB370C2006A8669 /* Main.storyboard */ = {
			isa = PBXVariantGroup;
			children = (
				A2E41DA81AB370C2006A8669 /* Base */,
			);
			name = Main.storyboard;
			sourceTree = "<group>";
		};
		A2E41DAC1AB370C2006A8669 /* LaunchScreen.xib */ = {
			isa = PBXVariantGroup;
			children = (
				A2E41DAD1AB370C2006A8669 /* Base */,
			);
			name = LaunchScreen.xib;
			sourceTree = "<group>";
		};
/* End PBXVariantGroup section */

/* Begin XCBuildConfiguration section */
		A2E41DBB1AB370C2006A8669 /* Debug */ = {
			isa = XCBuildConfiguration;
			buildSettings = {
				ALWAYS_SEARCH_USER_PATHS = NO;
				CLANG_CXX_LANGUAGE_STANDARD = "gnu++0x";
				CLANG_CXX_LIBRARY = "libc++";
				CLANG_ENABLE_MODULES = YES;
				CLANG_ENABLE_OBJC_ARC = YES;
				CLANG_WARN_BOOL_CONVERSION = YES;
				CLANG_WARN_CONSTANT_CONVERSION = YES;
				CLANG_WARN_DIRECT_OBJC_ISA_USAGE = YES_ERROR;
				CLANG_WARN_EMPTY_BODY = YES;
				CLANG_WARN_ENUM_CONVERSION = YES;
				CLANG_WARN_INT_CONVERSION = YES;
				CLANG_WARN_OBJC_ROOT_CLASS = YES_ERROR;
				CLANG_WARN_UNREACHABLE_CODE = YES;
				CLANG_WARN__DUPLICATE_METHOD_MATCH = YES;
				"CODE_SIGN_IDENTITY[sdk=iphoneos*]" = "iPhone Developer";
				COPY_PHASE_STRIP = NO;
				ENABLE_STRICT_OBJC_MSGSEND = YES;
				GCC_C_LANGUAGE_STANDARD = gnu99;
				GCC_DYNAMIC_NO_PIC = NO;
				GCC_OPTIMIZATION_LEVEL = 0;
				GCC_PREPROCESSOR_DEFINITIONS = (
					"DEBUG=1",
					"$(inherited)",
				);
				GCC_SYMBOLS_PRIVATE_EXTERN = NO;
				GCC_WARN_64_TO_32_BIT_CONVERSION = YES;
				GCC_WARN_ABOUT_RETURN_TYPE = YES_ERROR;
				GCC_WARN_UNDECLARED_SELECTOR = YES;
				GCC_WARN_UNINITIALIZED_AUTOS = YES_AGGRESSIVE;
				GCC_WARN_UNUSED_FUNCTION = YES;
				GCC_WARN_UNUSED_VARIABLE = YES;
				IPHONEOS_DEPLOYMENT_TARGET = 8.2;
				MTL_ENABLE_DEBUG_INFO = YES;
				ONLY_ACTIVE_ARCH = YES;
				SDKROOT = iphoneos;
			};
			name = Debug;
		};
		A2E41DBC1AB370C2006A8669 /* Release */ = {
			isa = XCBuildConfiguration;
			buildSettings = {
				ALWAYS_SEARCH_USER_PATHS = NO;
				CLANG_CXX_LANGUAGE_STANDARD = "gnu++0x";
				CLANG_CXX_LIBRARY = "libc++";
				CLANG_ENABLE_MODULES = YES;
				CLANG_ENABLE_OBJC_ARC = YES;
				CLANG_WARN_BOOL_CONVERSION = YES;
				CLANG_WARN_CONSTANT_CONVERSION = YES;
				CLANG_WARN_DIRECT_OBJC_ISA_USAGE = YES_ERROR;
				CLANG_WARN_EMPTY_BODY = YES;
				CLANG_WARN_ENUM_CONVERSION = YES;
				CLANG_WARN_INT_CONVERSION = YES;
				CLANG_WARN_OBJC_ROOT_CLASS = YES_ERROR;
				CLANG_WARN_UNREACHABLE_CODE = YES;
				CLANG_WARN__DUPLICATE_METHOD_MATCH = YES;
				"CODE_SIGN_IDENTITY[sdk=iphoneos*]" = "iPhone Developer";
				COPY_PHASE_STRIP = NO;
				ENABLE_NS_ASSERTIONS = NO;
				ENABLE_STRICT_OBJC_MSGSEND = YES;
				GCC_C_LANGUAGE_STANDARD = gnu99;
				GCC_WARN_64_TO_32_BIT_CONVERSION = YES;
				GCC_WARN_ABOUT_RETURN_TYPE = YES_ERROR;
				GCC_WARN_UNDECLARED_SELECTOR = YES;
				GCC_WARN_UNINITIALIZED_AUTOS = YES_AGGRESSIVE;
				GCC_WARN_UNUSED_FUNCTION = YES;
				GCC_WARN_UNUSED_VARIABLE = YES;
				IPHONEOS_DEPLOYMENT_TARGET = 8.2;
				MTL_ENABLE_DEBUG_INFO = NO;
				SDKROOT = iphoneos;
				VALIDATE_PRODUCT = YES;
			};
			name = Release;
		};
		A2E41DBE1AB370C2006A8669 /* Debug */ = {
			isa = XCBuildConfiguration;
			buildSettings = {
				ASSETCATALOG_COMPILER_APPICON_NAME = AppIcon;
				INFOPLIST_FILE = KeepTest/Info.plist;
				LD_RUNPATH_SEARCH_PATHS = "$(inherited) @executable_path/Frameworks";
				PRODUCT_NAME = "$(TARGET_NAME)";
			};
			name = Debug;
		};
		A2E41DBF1AB370C2006A8669 /* Release */ = {
			isa = XCBuildConfiguration;
			buildSettings = {
				ASSETCATALOG_COMPILER_APPICON_NAME = AppIcon;
				INFOPLIST_FILE = KeepTest/Info.plist;
				LD_RUNPATH_SEARCH_PATHS = "$(inherited) @executable_path/Frameworks";
				PRODUCT_NAME = "$(TARGET_NAME)";
			};
			name = Release;
		};
		A2E41DC11AB370C2006A8669 /* Debug */ = {
			isa = XCBuildConfiguration;
			buildSettings = {
				BUNDLE_LOADER = "$(TEST_HOST)";
				FRAMEWORK_SEARCH_PATHS = (
					"$(SDKROOT)/Developer/Library/Frameworks",
					"$(inherited)",
				);
				GCC_PREPROCESSOR_DEFINITIONS = (
					"DEBUG=1",
					"$(inherited)",
				);
				INFOPLIST_FILE = KeepTestTests/Info.plist;
				LD_RUNPATH_SEARCH_PATHS = "$(inherited) @executable_path/Frameworks @loader_path/Frameworks";
				PRODUCT_NAME = "$(TARGET_NAME)";
				TEST_HOST = "$(BUILT_PRODUCTS_DIR)/KeepTest.app/KeepTest";
			};
			name = Debug;
		};
		A2E41DC21AB370C2006A8669 /* Release */ = {
			isa = XCBuildConfiguration;
			buildSettings = {
				BUNDLE_LOADER = "$(TEST_HOST)";
				FRAMEWORK_SEARCH_PATHS = (
					"$(SDKROOT)/Developer/Library/Frameworks",
					"$(inherited)",
				);
				INFOPLIST_FILE = KeepTestTests/Info.plist;
				LD_RUNPATH_SEARCH_PATHS = "$(inherited) @executable_path/Frameworks @loader_path/Frameworks";
				PRODUCT_NAME = "$(TARGET_NAME)";
				TEST_HOST = "$(BUILT_PRODUCTS_DIR)/KeepTest.app/KeepTest";
			};
			name = Release;
		};
/* End XCBuildConfiguration section */

/* Begin XCConfigurationList section */
		A2E41D951AB370C2006A8669 /* Build configuration list for PBXProject "KeepTest" */ = {
			isa = XCConfigurationList;
			buildConfigurations = (
				A2E41DBB1AB370C2006A8669 /* Debug */,
				A2E41DBC1AB370C2006A8669 /* Release */,
			);
			defaultConfigurationIsVisible = 0;
			defaultConfigurationName = Release;
		};
		A2E41DBD1AB370C2006A8669 /* Build configuration list for PBXNativeTarget "KeepTest" */ = {
			isa = XCConfigurationList;
			buildConfigurations = (
				A2E41DBE1AB370C2006A8669 /* Debug */,
				A2E41DBF1AB370C2006A8669 /* Release */,
			);
			defaultConfigurationIsVisible = 0;
		};
		A2E41DC01AB370C2006A8669 /* Build configuration list for PBXNativeTarget "KeepTestTests" */ = {
			isa = XCConfigurationList;
			buildConfigurations = (
				A2E41DC11AB370C2006A8669 /* Debug */,
				A2E41DC21AB370C2006A8669 /* Release */,
			);
			defaultConfigurationIsVisible = 0;
		};
/* End XCConfigurationList section */
	};
	rootObject = A2E41D921AB370C2006A8669 /* Project object */;
}
